
Microsoft Visual Studio Solution File, Format Version 12.00
# Visual Studio 2012
Project("{FAE04EC0-301F-11D3-BF4B-00C04F79EFBC}") = "BarCamp", "BarCamp\BarCamp.csproj", "{e92ba6ee-cda9-4483-b534-f80cf62020ae}"
EndProject
Global
	GlobalSection(SolutionConfigurationPlatforms) = preSolution
		Debug|Any CPU = Debug|Any CPU
		Release|Any CPU = Release|Any CPU
	EndGlobalSection
	GlobalSection(ProjectConfigurationPlatforms) = postSolution
		{E92BA6EE-CDA9-4483-B534-F80CF62020AE}.Debug|Any CPU.ActiveCfg = Debug|Any CPU
		{E92BA6EE-CDA9-4483-B534-F80CF62020AE}.Debug|Any CPU.Build.0 = Debug|Any CPU
		{E92BA6EE-CDA9-4483-B534-F80CF62020AE}.Debug|Any CPU.Deploy.0 = Debug|Any CPU
		{E92BA6EE-CDA9-4483-B534-F80CF62020AE}.Release|Any CPU.ActiveCfg = Release|Any CPU
		{E92BA6EE-CDA9-4483-B534-F80CF62020AE}.Release|Any CPU.Build.0 = Release|Any CPU
		{E92BA6EE-CDA9-4483-B534-F80CF62020AE}.Release|Any CPU.Deploy.0 = Release|Any CPU
	EndGlobalSection
EndGlobal
